# This file was autogenerated by Stack.
# You should not edit this file by hand.
# For more information, please see the documentation at:
#   https://docs.haskellstack.org/en/stable/lock_files

packages:
- completed:
    hackage: aeson-0.8.1.1@sha256:90db3bdd3d4826216b8777bc709bdcd950e36a57e28afacab2778cef0e915782,4462
    pantry-tree:
      size: 3592
      sha256: 29e9f92e39d5902c3f618479155a6834e93529dc3b118b1af406b9b6c39c4353
  original:
    hackage: aeson-0.8.1.1
- completed:
    hackage: digestive-functors-heist-0.8.6.2@sha256:a7037c722ea70e1d951971e6035e2a697b2b5017ae555877dfc011da92a316cb,950
    pantry-tree:
      size: 362
      sha256: 1b0fd5edf5510e83bc3b51f9cd582d2d6594be3d3215c87ea1f1cb304c9e08a2
  original:
    hackage: digestive-functors-heist-0.8.6.2
- completed:
    hackage: digestive-functors-snap-0.6.1.3@sha256:8afb484c9568509eddc3a2e7281a7a78af0628eaa70781c3cb6f17b74111c3e0,954
    pantry-tree:
      size: 233
      sha256: 1e578756e4bb7078ffbdf774db16c2ac285ec3f8cabd4ba5006ac8bd3ae0ad98
  original:
    hackage: digestive-functors-snap-0.6.1.3
- completed:
    hackage: hashmap-1.3.1.1@sha256:083140189bfb8aa402908596970445b3cfbb61ce66d5b7e290d0f7d6c0b7bea8,2484
    pantry-tree:
      size: 419
      sha256: 2df121a3140709ce343adf834416497818ab62d66642d99aac6c938d8f22aa70
  original:
    hackage: hashmap-1.3.1.1
snapshots:
- completed:
    size: 423618
    url: https://raw.githubusercontent.com/commercialhaskell/stackage-snapshots/master/lts/6/7.yaml
    sha256: 31abaee0f83a5ed9d923430d8904d6bb4c4468622bf0b3ce2efd749cf5ff3b2b
  original: lts-6.7
